// !$*UTF8*$!
{
	archiveVersion = 1;
	classes = {
	};
	objectVersion = 55;
	objects = {

/* Begin PBXBuildFile section */
		55FBA2F327950A7F00D60A8B /* testMap.cpp in Sources */ = {isa = PBXBuildFile; fileRef = 55FBA2F227950A7E00D60A8B /* testMap.cpp */; };
		55FD150427922022005FD42F /* Map.cpp in Sources */ = {isa = PBXBuildFile; fileRef = 55FD150227922022005FD42F /* Map.cpp */; };
		55FD15072794AE22005FD42F /* CarMap.cpp in Sources */ = {isa = PBXBuildFile; fileRef = 55FD15052794AE22005FD42F /* CarMap.cpp */; };
		55FD15092794AE45005FD42F /* testCarMap.cpp in Sources */ = {isa = PBXBuildFile; fileRef = 55FD15082794AE45005FD42F /* testCarMap.cpp */; };
		55FD150C2794AE60005FD42F /* newMap.cpp in Sources */ = {isa = PBXBuildFile; fileRef = 55FD150A2794AE60005FD42F /* newMap.cpp */; };
		55FD150E2794AE73005FD42F /* testnewMap.cpp in Sources */ = {isa = PBXBuildFile; fileRef = 55FD150D2794AE73005FD42F /* testnewMap.cpp */; };
/* End PBXBuildFile section */

/* Begin PBXCopyFilesBuildPhase section */
		55FD14F627921FFF005FD42F /* CopyFiles */ = {
			isa = PBXCopyFilesBuildPhase;
			buildActionMask = 2147483647;
			dstPath = /usr/share/man/man1/;
			dstSubfolderSpec = 0;
			files = (
			);
			runOnlyForDeploymentPostprocessing = 1;
		};
/* End PBXCopyFilesBuildPhase section */

/* Begin PBXFileReference section */
		55FBA2F227950A7E00D60A8B /* testMap.cpp */ = {isa = PBXFileReference; lastKnownFileType = sourcecode.cpp.cpp; path = testMap.cpp; sourceTree = "<group>"; };
		55FD14F827921FFF005FD42F /* CS32_HW1 */ = {isa = PBXFileReference; explicitFileType = "compiled.mach-o.executable"; includeInIndex = 0; path = CS32_HW1; sourceTree = BUILT_PRODUCTS_DIR; };
		55FD150227922022005FD42F /* Map.cpp */ = {isa = PBXFileReference; lastKnownFileType = sourcecode.cpp.cpp; path = Map.cpp; sourceTree = "<group>"; };
		55FD150327922022005FD42F /* Map.h */ = {isa = PBXFileReference; lastKnownFileType = sourcecode.c.h; path = Map.h; sourceTree = "<group>"; };
		55FD15052794AE22005FD42F /* CarMap.cpp */ = {isa = PBXFileReference; lastKnownFileType = sourcecode.cpp.cpp; path = CarMap.cpp; sourceTree = "<group>"; };
		55FD15062794AE22005FD42F /* CarMap.h */ = {isa = PBXFileReference; lastKnownFileType = sourcecode.c.h; path = CarMap.h; sourceTree = "<group>"; };
		55FD15082794AE45005FD42F /* testCarMap.cpp */ = {isa = PBXFileReference; lastKnownFileType = sourcecode.cpp.cpp; path = testCarMap.cpp; sourceTree = "<group>"; };
		55FD150A2794AE60005FD42F /* newMap.cpp */ = {isa = PBXFileReference; lastKnownFileType = sourcecode.cpp.cpp; path = newMap.cpp; sourceTree = "<group>"; };
		55FD150B2794AE60005FD42F /* newMap.h */ = {isa = PBXFileReference; lastKnownFileType = sourcecode.c.h; path = newMap.h; sourceTree = "<group>"; };
		55FD150D2794AE73005FD42F /* testnewMap.cpp */ = {isa = PBXFileReference; lastKnownFileType = sourcecode.cpp.cpp; path = testnewMap.cpp; sourceTree = "<group>"; };
/* End PBXFileReference section */

/* Begin PBXFrameworksBuildPhase section */
		55FD14F527921FFF005FD42F /* Frameworks */ = {
			isa = PBXFrameworksBuildPhase;
			buildActionMask = 2147483647;
			files = (
			);
			runOnlyForDeploymentPostprocessing = 0;
		};
/* End PBXFrameworksBuildPhase section */

/* Begin PBXGroup section */
		55FD14EF27921FFF005FD42F = {
			isa = PBXGroup;
			children = (
				55FD14FA27921FFF005FD42F /* CS32_HW1 */,
				55FD14F927921FFF005FD42F /* Products */,
			);
			sourceTree = "<group>";
		};
		55FD14F927921FFF005FD42F /* Products */ = {
			isa = PBXGroup;
			children = (
				55FD14F827921FFF005FD42F /* CS32_HW1 */,
			);
			name = Products;
			sourceTree = "<group>";
		};
		55FD14FA27921FFF005FD42F /* CS32_HW1 */ = {
			isa = PBXGroup;
			children = (
				55FD150A2794AE60005FD42F /* newMap.cpp */,
				55FD150B2794AE60005FD42F /* newMap.h */,
				55FD150D2794AE73005FD42F /* testnewMap.cpp */,
				55FD15052794AE22005FD42F /* CarMap.cpp */,
				55FD15062794AE22005FD42F /* CarMap.h */,
				55FD15082794AE45005FD42F /* testCarMap.cpp */,
				55FD150227922022005FD42F /* Map.cpp */,
				55FD150327922022005FD42F /* Map.h */,
				55FBA2F227950A7E00D60A8B /* testMap.cpp */,
			);
			path = CS32_HW1;
			sourceTree = "<group>";
		};
/* End PBXGroup section */

/* Begin PBXNativeTarget section */
		55FD14F727921FFF005FD42F /* CS32_HW1 */ = {
			isa = PBXNativeTarget;
			buildConfigurationList = 55FD14FF27921FFF005FD42F /* Build configuration list for PBXNativeTarget "CS32_HW1" */;
			buildPhases = (
				55FD14F427921FFF005FD42F /* Sources */,
				55FD14F527921FFF005FD42F /* Frameworks */,
				55FD14F627921FFF005FD42F /* CopyFiles */,
			);
			buildRules = (
			);
			dependencies = (
			);
			name = CS32_HW1;
			productName = CS32_HW1;
			productReference = 55FD14F827921FFF005FD42F /* CS32_HW1 */;
			productType = "com.apple.product-type.tool";
		};
/* End PBXNativeTarget section */

/* Begin PBXProject section */
		55FD14F027921FFF005FD42F /* Project object */ = {
			isa = PBXProject;
			attributes = {
				BuildIndependentTargetsInParallel = 1;
				LastUpgradeCheck = 1320;
				TargetAttributes = {
					55FD14F727921FFF005FD42F = {
						CreatedOnToolsVersion = 13.2.1;
					};
				};
			};
			buildConfigurationList = 55FD14F327921FFF005FD42F /* Build configuration list for PBXProject "CS32_HW1" */;
			compatibilityVersion = "Xcode 13.0";
			developmentRegion = en;
			hasScannedForEncodings = 0;
			knownRegions = (
				en,
				Base,
			);
			mainGroup = 55FD14EF27921FFF005FD42F;
			productRefGroup = 55FD14F927921FFF005FD42F /* Products */;
			projectDirPath = "";
			projectRoot = "";
			targets = (
				55FD14F727921FFF005FD42F /* CS32_HW1 */,
			);
		};
/* End PBXProject section */

/* Begin PBXSourcesBuildPhase section */
		55FD14F427921FFF005FD42F /* Sources */ = {
			isa = PBXSourcesBuildPhase;
			buildActionMask = 2147483647;
			files = (
				55FD150C2794AE60005FD42F /* newMap.cpp in Sources */,
				55FD150427922022005FD42F /* Map.cpp in Sources */,
				55FD150E2794AE73005FD42F /* testnewMap.cpp in Sources */,
				55FD15072794AE22005FD42F /* CarMap.cpp in Sources */,
				55FBA2F327950A7F00D60A8B /* testMap.cpp in Sources */,
				55FD15092794AE45005FD42F /* testCarMap.cpp in Sources */,
			);
			runOnlyForDeploymentPostprocessing = 0;
		};
/* End PBXSourcesBuildPhase section */

/* Begin XCBuildConfiguration section */
		55FD14FD27921FFF005FD42F /* Debug */ = {
			isa = XCBuildConfiguration;
			buildSettings = {
				ALWAYS_SEARCH_USER_PATHS = NO;
				CLANG_ANALYZER_NONNULL = YES;
				CLANG_ANALYZER_NUMBER_OBJECT_CONVERSION = YES_AGGRESSIVE;
				CLANG_CXX_LANGUAGE_STANDARD = "gnu++17";
				CLANG_CXX_LIBRARY = "libc++";
				CLANG_ENABLE_MODULES = YES;
				CLANG_ENABLE_OBJC_ARC = YES;
				CLANG_ENABLE_OBJC_WEAK = YES;
				CLANG_WARN_BLOCK_CAPTURE_AUTORELEASING = YES;
				CLANG_WARN_BOOL_CONVERSION = YES;
				CLANG_WARN_COMMA = YES;
				CLANG_WARN_CONSTANT_CONVERSION = YES;
				CLANG_WARN_DEPRECATED_OBJC_IMPLEMENTATIONS = YES;
				CLANG_WARN_DIRECT_OBJC_ISA_USAGE = YES_ERROR;
				CLANG_WARN_DOCUMENTATION_COMMENTS = YES;
				CLANG_WARN_EMPTY_BODY = YES;
				CLANG_WARN_ENUM_CONVERSION = YES;
				CLANG_WARN_INFINITE_RECURSION = YES;
				CLANG_WARN_INT_CONVERSION = YES;
				CLANG_WARN_NON_LITERAL_NULL_CONVERSION = YES;
				CLANG_WARN_OBJC_IMPLICIT_RETAIN_SELF = YES;
				CLANG_WARN_OBJC_LITERAL_CONVERSION = YES;
				CLANG_WARN_OBJC_ROOT_CLASS = YES_ERROR;
				CLANG_WARN_QUOTED_INCLUDE_IN_FRAMEWORK_HEADER = YES;
				CLANG_WARN_RANGE_LOOP_ANALYSIS = YES;
				CLANG_WARN_STRICT_PROTOTYPES = YES;
				CLANG_WARN_SUSPICIOUS_MOVE = YES;
				CLANG_WARN_UNGUARDED_AVAILABILITY = YES_AGGRESSIVE;
				CLANG_WARN_UNREACHABLE_CODE = YES;
				CLANG_WARN__DUPLICATE_METHOD_MATCH = YES;
				COPY_PHASE_STRIP = NO;
				DEBUG_INFORMATION_FORMAT = dwarf;
				ENABLE_STRICT_OBJC_MSGSEND = YES;
				ENABLE_TESTABILITY = YES;
				GCC_C_LANGUAGE_STANDARD = gnu11;
				GCC_DYNAMIC_NO_PIC = NO;
				GCC_NO_COMMON_BLOCKS = YES;
				GCC_OPTIMIZATION_LEVEL = 0;
				GCC_PREPROCESSOR_DEFINITIONS = (
					"DEBUG=1",
					"$(inherited)",
				);
				GCC_WARN_64_TO_32_BIT_CONVERSION = YES;
				GCC_WARN_ABOUT_RETURN_TYPE = YES_ERROR;
				GCC_WARN_UNDECLARED_SELECTOR = YES;
				GCC_WARN_UNINITIALIZED_AUTOS = YES_AGGRESSIVE;
				GCC_WARN_UNUSED_FUNCTION = YES;
				GCC_WARN_UNUSED_VARIABLE = YES;
				MACOSX_DEPLOYMENT_TARGET = 12.1;
				MTL_ENABLE_DEBUG_INFO = INCLUDE_SOURCE;
				MTL_FAST_MATH = YES;
				ONLY_ACTIVE_ARCH = YES;
				SDKROOT = macosx;
			};
			name = Debug;
		};
		55FD14FE27921FFF005FD42F /* Release */ = {
			isa = XCBuildConfiguration;
			buildSettings = {
				ALWAYS_SEARCH_USER_PATHS = NO;
				CLANG_ANALYZER_NONNULL = YES;
				CLANG_ANALYZER_NUMBER_OBJECT_CONVERSION = YES_AGGRESSIVE;
				CLANG_CXX_LANGUAGE_STANDARD = "gnu++17";
				CLANG_CXX_LIBRARY = "libc++";
				CLANG_ENABLE_MODULES = YES;
				CLANG_ENABLE_OBJC_ARC = YES;
				CLANG_ENABLE_OBJC_WEAK = YES;
				CLANG_WARN_BLOCK_CAPTURE_AUTORELEASING = YES;
				CLANG_WARN_BOOL_CONVERSION = YES;
				CLANG_WARN_COMMA = YES;
				CLANG_WARN_CONSTANT_CONVERSION = YES;
				CLANG_WARN_DEPRECATED_OBJC_IMPLEMENTATIONS = YES;
				CLANG_WARN_DIRECT_OBJC_ISA_USAGE = YES_ERROR;
				CLANG_WARN_DOCUMENTATION_COMMENTS = YES;
				CLANG_WARN_EMPTY_BODY = YES;
				CLANG_WARN_ENUM_CONVERSION = YES;
				CLANG_WARN_INFINITE_RECURSION = YES;
				CLANG_WARN_INT_CONVERSION = YES;
				CLANG_WARN_NON_LITERAL_NULL_CONVERSION = YES;
				CLANG_WARN_OBJC_IMPLICIT_RETAIN_SELF = YES;
				CLANG_WARN_OBJC_LITERAL_CONVERSION = YES;
				CLANG_WARN_OBJC_ROOT_CLASS = YES_ERROR;
				CLANG_WARN_QUOTED_INCLUDE_IN_FRAMEWORK_HEADER = YES;
				CLANG_WARN_RANGE_LOOP_ANALYSIS = YES;
				CLANG_WARN_STRICT_PROTOTYPES = YES;
				CLANG_WARN_SUSPICIOUS_MOVE = YES;
				CLANG_WARN_UNGUARDED_AVAILABILITY = YES_AGGRESSIVE;
				CLANG_WARN_UNREACHABLE_CODE = YES;
				CLANG_WARN__DUPLICATE_METHOD_MATCH = YES;
				COPY_PHASE_STRIP = NO;
				DEBUG_INFORMATION_FORMAT = "dwarf-with-dsym";
				ENABLE_NS_ASSERTIONS = NO;
				ENABLE_STRICT_OBJC_MSGSEND = YES;
				GCC_C_LANGUAGE_STANDARD = gnu11;
				GCC_NO_COMMON_BLOCKS = YES;
				GCC_WARN_64_TO_32_BIT_CONVERSION = YES;
				GCC_WARN_ABOUT_RETURN_TYPE = YES_ERROR;
				GCC_WARN_UNDECLARED_SELECTOR = YES;
				GCC_WARN_UNINITIALIZED_AUTOS = YES_AGGRESSIVE;
				GCC_WARN_UNUSED_FUNCTION = YES;
				GCC_WARN_UNUSED_VARIABLE = YES;
				MACOSX_DEPLOYMENT_TARGET = 12.1;
				MTL_ENABLE_DEBUG_INFO = NO;
				MTL_FAST_MATH = YES;
				SDKROOT = macosx;
			};
			name = Release;
		};
		55FD150027921FFF005FD42F /* Debug */ = {
			isa = XCBuildConfiguration;
			buildSettings = {
				CODE_SIGN_STYLE = Automatic;
				PRODUCT_NAME = "$(TARGET_NAME)";
			};
			name = Debug;
		};
		55FD150127921FFF005FD42F /* Release */ = {
			isa = XCBuildConfiguration;
			buildSettings = {
				CODE_SIGN_STYLE = Automatic;
				PRODUCT_NAME = "$(TARGET_NAME)";
			};
			name = Release;
		};
/* End XCBuildConfiguration section */

/* Begin XCConfigurationList section */
		55FD14F327921FFF005FD42F /* Build configuration list for PBXProject "CS32_HW1" */ = {
			isa = XCConfigurationList;
			buildConfigurations = (
				55FD14FD27921FFF005FD42F /* Debug */,
				55FD14FE27921FFF005FD42F /* Release */,
			);
			defaultConfigurationIsVisible = 0;
			defaultConfigurationName = Release;
		};
		55FD14FF27921FFF005FD42F /* Build configuration list for PBXNativeTarget "CS32_HW1" */ = {
			isa = XCConfigurationList;
			buildConfigurations = (
				55FD150027921FFF005FD42F /* Debug */,
				55FD150127921FFF005FD42F /* Release */,
			);
			defaultConfigurationIsVisible = 0;
			defaultConfigurationName = Release;
		};
/* End XCConfigurationList section */
	};
	rootObject = 55FD14F027921FFF005FD42F /* Project object */;
}
