// !$*UTF8*$!
{
	archiveVersion = 1;
	classes = {
	};
	objectVersion = 55;
	objects = {

/* Begin PBXBuildFile section */
		558DC2BF2785805D00A632C1 /* main.cpp in Sources */ = {isa = PBXBuildFile; fileRef = 558DC2BE2785805D00A632C1 /* main.cpp */; };
		558DC2C72785809000A632C1 /* Gark.cpp in Sources */ = {isa = PBXBuildFile; fileRef = 558DC2C52785809000A632C1 /* Gark.cpp */; };
		558DC2CA2786550000A632C1 /* Player.cpp in Sources */ = {isa = PBXBuildFile; fileRef = 558DC2C82786550000A632C1 /* Player.cpp */; };
		558DC2CD2786550D00A632C1 /* History.cpp in Sources */ = {isa = PBXBuildFile; fileRef = 558DC2CB2786550D00A632C1 /* History.cpp */; };
		558DC2D02786551700A632C1 /* Mesa.cpp in Sources */ = {isa = PBXBuildFile; fileRef = 558DC2CE2786551700A632C1 /* Mesa.cpp */; };
		558DC2D32786552000A632C1 /* Game.cpp in Sources */ = {isa = PBXBuildFile; fileRef = 558DC2D12786552000A632C1 /* Game.cpp */; };
		55D38317278A8E0800CAB06B /* utilities.cpp in Sources */ = {isa = PBXBuildFile; fileRef = 55D38316278A8E0800CAB06B /* utilities.cpp */; };
/* End PBXBuildFile section */

/* Begin PBXCopyFilesBuildPhase section */
		558DC2B92785805D00A632C1 /* CopyFiles */ = {
			isa = PBXCopyFilesBuildPhase;
			buildActionMask = 2147483647;
			dstPath = /usr/share/man/man1/;
			dstSubfolderSpec = 0;
			files = (
			);
			runOnlyForDeploymentPostprocessing = 1;
		};
/* End PBXCopyFilesBuildPhase section */

/* Begin PBXFileReference section */
		558DC2BB2785805D00A632C1 /* CS32_Project1 */ = {isa = PBXFileReference; explicitFileType = "compiled.mach-o.executable"; includeInIndex = 0; path = CS32_Project1; sourceTree = BUILT_PRODUCTS_DIR; };
		558DC2BE2785805D00A632C1 /* main.cpp */ = {isa = PBXFileReference; lastKnownFileType = sourcecode.cpp.cpp; path = main.cpp; sourceTree = "<group>"; };
		558DC2C52785809000A632C1 /* Gark.cpp */ = {isa = PBXFileReference; lastKnownFileType = sourcecode.cpp.cpp; path = Gark.cpp; sourceTree = "<group>"; };
		558DC2C62785809000A632C1 /* Gark.h */ = {isa = PBXFileReference; lastKnownFileType = sourcecode.c.h; path = Gark.h; sourceTree = "<group>"; };
		558DC2C82786550000A632C1 /* Player.cpp */ = {isa = PBXFileReference; lastKnownFileType = sourcecode.cpp.cpp; path = Player.cpp; sourceTree = "<group>"; };
		558DC2C92786550000A632C1 /* Player.h */ = {isa = PBXFileReference; lastKnownFileType = sourcecode.c.h; path = Player.h; sourceTree = "<group>"; };
		558DC2CB2786550D00A632C1 /* History.cpp */ = {isa = PBXFileReference; lastKnownFileType = sourcecode.cpp.cpp; path = History.cpp; sourceTree = "<group>"; };
		558DC2CC2786550D00A632C1 /* History.h */ = {isa = PBXFileReference; lastKnownFileType = sourcecode.c.h; path = History.h; sourceTree = "<group>"; };
		558DC2CE2786551700A632C1 /* Mesa.cpp */ = {isa = PBXFileReference; lastKnownFileType = sourcecode.cpp.cpp; path = Mesa.cpp; sourceTree = "<group>"; };
		558DC2CF2786551700A632C1 /* Mesa.h */ = {isa = PBXFileReference; lastKnownFileType = sourcecode.c.h; path = Mesa.h; sourceTree = "<group>"; };
		558DC2D12786552000A632C1 /* Game.cpp */ = {isa = PBXFileReference; lastKnownFileType = sourcecode.cpp.cpp; path = Game.cpp; sourceTree = "<group>"; };
		558DC2D22786552000A632C1 /* Game.h */ = {isa = PBXFileReference; lastKnownFileType = sourcecode.c.h; path = Game.h; sourceTree = "<group>"; };
		55D38315278A8DDE00CAB06B /* globals.h */ = {isa = PBXFileReference; lastKnownFileType = sourcecode.c.h; path = globals.h; sourceTree = "<group>"; };
		55D38316278A8E0800CAB06B /* utilities.cpp */ = {isa = PBXFileReference; lastKnownFileType = sourcecode.cpp.cpp; path = utilities.cpp; sourceTree = "<group>"; };
/* End PBXFileReference section */

/* Begin PBXFrameworksBuildPhase section */
		558DC2B82785805D00A632C1 /* Frameworks */ = {
			isa = PBXFrameworksBuildPhase;
			buildActionMask = 2147483647;
			files = (
			);
			runOnlyForDeploymentPostprocessing = 0;
		};
/* End PBXFrameworksBuildPhase section */

/* Begin PBXGroup section */
		558DC2B22785805D00A632C1 = {
			isa = PBXGroup;
			children = (
				558DC2BD2785805D00A632C1 /* CS32_Project1 */,
				558DC2BC2785805D00A632C1 /* Products */,
			);
			sourceTree = "<group>";
		};
		558DC2BC2785805D00A632C1 /* Products */ = {
			isa = PBXGroup;
			children = (
				558DC2BB2785805D00A632C1 /* CS32_Project1 */,
			);
			name = Products;
			sourceTree = "<group>";
		};
		558DC2BD2785805D00A632C1 /* CS32_Project1 */ = {
			isa = PBXGroup;
			children = (
				558DC2BE2785805D00A632C1 /* main.cpp */,
				55D38316278A8E0800CAB06B /* utilities.cpp */,
				55D38315278A8DDE00CAB06B /* globals.h */,
				558DC2D12786552000A632C1 /* Game.cpp */,
				558DC2D22786552000A632C1 /* Game.h */,
				558DC2CE2786551700A632C1 /* Mesa.cpp */,
				558DC2CF2786551700A632C1 /* Mesa.h */,
				558DC2CB2786550D00A632C1 /* History.cpp */,
				558DC2CC2786550D00A632C1 /* History.h */,
				558DC2C82786550000A632C1 /* Player.cpp */,
				558DC2C92786550000A632C1 /* Player.h */,
				558DC2C52785809000A632C1 /* Gark.cpp */,
				558DC2C62785809000A632C1 /* Gark.h */,
			);
			path = CS32_Project1;
			sourceTree = "<group>";
		};
/* End PBXGroup section */

/* Begin PBXNativeTarget section */
		558DC2BA2785805D00A632C1 /* CS32_Project1 */ = {
			isa = PBXNativeTarget;
			buildConfigurationList = 558DC2C22785805D00A632C1 /* Build configuration list for PBXNativeTarget "CS32_Project1" */;
			buildPhases = (
				558DC2B72785805D00A632C1 /* Sources */,
				558DC2B82785805D00A632C1 /* Frameworks */,
				558DC2B92785805D00A632C1 /* CopyFiles */,
			);
			buildRules = (
			);
			dependencies = (
			);
			name = CS32_Project1;
			productName = CS32_Project1;
			productReference = 558DC2BB2785805D00A632C1 /* CS32_Project1 */;
			productType = "com.apple.product-type.tool";
		};
/* End PBXNativeTarget section */

/* Begin PBXProject section */
		558DC2B32785805D00A632C1 /* Project object */ = {
			isa = PBXProject;
			attributes = {
				BuildIndependentTargetsInParallel = 1;
				LastUpgradeCheck = 1320;
				TargetAttributes = {
					558DC2BA2785805D00A632C1 = {
						CreatedOnToolsVersion = 13.2.1;
					};
				};
			};
			buildConfigurationList = 558DC2B62785805D00A632C1 /* Build configuration list for PBXProject "CS32_Project1" */;
			compatibilityVersion = "Xcode 13.0";
			developmentRegion = en;
			hasScannedForEncodings = 0;
			knownRegions = (
				en,
				Base,
			);
			mainGroup = 558DC2B22785805D00A632C1;
			productRefGroup = 558DC2BC2785805D00A632C1 /* Products */;
			projectDirPath = "";
			projectRoot = "";
			targets = (
				558DC2BA2785805D00A632C1 /* CS32_Project1 */,
			);
		};
/* End PBXProject section */

/* Begin PBXSourcesBuildPhase section */
		558DC2B72785805D00A632C1 /* Sources */ = {
			isa = PBXSourcesBuildPhase;
			buildActionMask = 2147483647;
			files = (
				558DC2C72785809000A632C1 /* Gark.cpp in Sources */,
				558DC2BF2785805D00A632C1 /* main.cpp in Sources */,
				558DC2CD2786550D00A632C1 /* History.cpp in Sources */,
				558DC2D32786552000A632C1 /* Game.cpp in Sources */,
				558DC2CA2786550000A632C1 /* Player.cpp in Sources */,
				55D38317278A8E0800CAB06B /* utilities.cpp in Sources */,
				558DC2D02786551700A632C1 /* Mesa.cpp in Sources */,
			);
			runOnlyForDeploymentPostprocessing = 0;
		};
/* End PBXSourcesBuildPhase section */

/* Begin XCBuildConfiguration section */
		558DC2C02785805D00A632C1 /* Debug */ = {
			isa = XCBuildConfiguration;
			buildSettings = {
				ALWAYS_SEARCH_USER_PATHS = NO;
				CLANG_ANALYZER_NONNULL = YES;
				CLANG_ANALYZER_NUMBER_OBJECT_CONVERSION = YES_AGGRESSIVE;
				CLANG_CXX_LANGUAGE_STANDARD = "gnu++17";
				CLANG_CXX_LIBRARY = "libc++";
				CLANG_ENABLE_MODULES = YES;
				CLANG_ENABLE_OBJC_ARC = YES;
				CLANG_ENABLE_OBJC_WEAK = YES;
				CLANG_WARN_BLOCK_CAPTURE_AUTORELEASING = YES;
				CLANG_WARN_BOOL_CONVERSION = YES;
				CLANG_WARN_COMMA = YES;
				CLANG_WARN_CONSTANT_CONVERSION = YES;
				CLANG_WARN_DEPRECATED_OBJC_IMPLEMENTATIONS = YES;
				CLANG_WARN_DIRECT_OBJC_ISA_USAGE = YES_ERROR;
				CLANG_WARN_DOCUMENTATION_COMMENTS = YES;
				CLANG_WARN_EMPTY_BODY = YES;
				CLANG_WARN_ENUM_CONVERSION = YES;
				CLANG_WARN_INFINITE_RECURSION = YES;
				CLANG_WARN_INT_CONVERSION = YES;
				CLANG_WARN_NON_LITERAL_NULL_CONVERSION = YES;
				CLANG_WARN_OBJC_IMPLICIT_RETAIN_SELF = YES;
				CLANG_WARN_OBJC_LITERAL_CONVERSION = YES;
				CLANG_WARN_OBJC_ROOT_CLASS = YES_ERROR;
				CLANG_WARN_QUOTED_INCLUDE_IN_FRAMEWORK_HEADER = YES;
				CLANG_WARN_RANGE_LOOP_ANALYSIS = YES;
				CLANG_WARN_STRICT_PROTOTYPES = YES;
				CLANG_WARN_SUSPICIOUS_MOVE = YES;
				CLANG_WARN_UNGUARDED_AVAILABILITY = YES_AGGRESSIVE;
				CLANG_WARN_UNREACHABLE_CODE = YES;
				CLANG_WARN__DUPLICATE_METHOD_MATCH = YES;
				COPY_PHASE_STRIP = NO;
				DEBUG_INFORMATION_FORMAT = dwarf;
				ENABLE_STRICT_OBJC_MSGSEND = YES;
				ENABLE_TESTABILITY = YES;
				GCC_C_LANGUAGE_STANDARD = gnu11;
				GCC_DYNAMIC_NO_PIC = NO;
				GCC_NO_COMMON_BLOCKS = YES;
				GCC_OPTIMIZATION_LEVEL = 0;
				GCC_PREPROCESSOR_DEFINITIONS = (
					"DEBUG=1",
					"$(inherited)",
				);
				GCC_WARN_64_TO_32_BIT_CONVERSION = YES;
				GCC_WARN_ABOUT_RETURN_TYPE = YES_ERROR;
				GCC_WARN_UNDECLARED_SELECTOR = YES;
				GCC_WARN_UNINITIALIZED_AUTOS = YES_AGGRESSIVE;
				GCC_WARN_UNUSED_FUNCTION = YES;
				GCC_WARN_UNUSED_VARIABLE = YES;
				MACOSX_DEPLOYMENT_TARGET = 12.1;
				MTL_ENABLE_DEBUG_INFO = INCLUDE_SOURCE;
				MTL_FAST_MATH = YES;
				ONLY_ACTIVE_ARCH = YES;
				SDKROOT = macosx;
			};
			name = Debug;
		};
		558DC2C12785805D00A632C1 /* Release */ = {
			isa = XCBuildConfiguration;
			buildSettings = {
				ALWAYS_SEARCH_USER_PATHS = NO;
				CLANG_ANALYZER_NONNULL = YES;
				CLANG_ANALYZER_NUMBER_OBJECT_CONVERSION = YES_AGGRESSIVE;
				CLANG_CXX_LANGUAGE_STANDARD = "gnu++17";
				CLANG_CXX_LIBRARY = "libc++";
				CLANG_ENABLE_MODULES = YES;
				CLANG_ENABLE_OBJC_ARC = YES;
				CLANG_ENABLE_OBJC_WEAK = YES;
				CLANG_WARN_BLOCK_CAPTURE_AUTORELEASING = YES;
				CLANG_WARN_BOOL_CONVERSION = YES;
				CLANG_WARN_COMMA = YES;
				CLANG_WARN_CONSTANT_CONVERSION = YES;
				CLANG_WARN_DEPRECATED_OBJC_IMPLEMENTATIONS = YES;
				CLANG_WARN_DIRECT_OBJC_ISA_USAGE = YES_ERROR;
				CLANG_WARN_DOCUMENTATION_COMMENTS = YES;
				CLANG_WARN_EMPTY_BODY = YES;
				CLANG_WARN_ENUM_CONVERSION = YES;
				CLANG_WARN_INFINITE_RECURSION = YES;
				CLANG_WARN_INT_CONVERSION = YES;
				CLANG_WARN_NON_LITERAL_NULL_CONVERSION = YES;
				CLANG_WARN_OBJC_IMPLICIT_RETAIN_SELF = YES;
				CLANG_WARN_OBJC_LITERAL_CONVERSION = YES;
				CLANG_WARN_OBJC_ROOT_CLASS = YES_ERROR;
				CLANG_WARN_QUOTED_INCLUDE_IN_FRAMEWORK_HEADER = YES;
				CLANG_WARN_RANGE_LOOP_ANALYSIS = YES;
				CLANG_WARN_STRICT_PROTOTYPES = YES;
				CLANG_WARN_SUSPICIOUS_MOVE = YES;
				CLANG_WARN_UNGUARDED_AVAILABILITY = YES_AGGRESSIVE;
				CLANG_WARN_UNREACHABLE_CODE = YES;
				CLANG_WARN__DUPLICATE_METHOD_MATCH = YES;
				COPY_PHASE_STRIP = NO;
				DEBUG_INFORMATION_FORMAT = "dwarf-with-dsym";
				ENABLE_NS_ASSERTIONS = NO;
				ENABLE_STRICT_OBJC_MSGSEND = YES;
				GCC_C_LANGUAGE_STANDARD = gnu11;
				GCC_NO_COMMON_BLOCKS = YES;
				GCC_WARN_64_TO_32_BIT_CONVERSION = YES;
				GCC_WARN_ABOUT_RETURN_TYPE = YES_ERROR;
				GCC_WARN_UNDECLARED_SELECTOR = YES;
				GCC_WARN_UNINITIALIZED_AUTOS = YES_AGGRESSIVE;
				GCC_WARN_UNUSED_FUNCTION = YES;
				GCC_WARN_UNUSED_VARIABLE = YES;
				MACOSX_DEPLOYMENT_TARGET = 12.1;
				MTL_ENABLE_DEBUG_INFO = NO;
				MTL_FAST_MATH = YES;
				SDKROOT = macosx;
			};
			name = Release;
		};
		558DC2C32785805D00A632C1 /* Debug */ = {
			isa = XCBuildConfiguration;
			buildSettings = {
				CODE_SIGN_STYLE = Automatic;
				PRODUCT_NAME = "$(TARGET_NAME)";
			};
			name = Debug;
		};
		558DC2C42785805D00A632C1 /* Release */ = {
			isa = XCBuildConfiguration;
			buildSettings = {
				CODE_SIGN_STYLE = Automatic;
				PRODUCT_NAME = "$(TARGET_NAME)";
			};
			name = Release;
		};
/* End XCBuildConfiguration section */

/* Begin XCConfigurationList section */
		558DC2B62785805D00A632C1 /* Build configuration list for PBXProject "CS32_Project1" */ = {
			isa = XCConfigurationList;
			buildConfigurations = (
				558DC2C02785805D00A632C1 /* Debug */,
				558DC2C12785805D00A632C1 /* Release */,
			);
			defaultConfigurationIsVisible = 0;
			defaultConfigurationName = Release;
		};
		558DC2C22785805D00A632C1 /* Build configuration list for PBXNativeTarget "CS32_Project1" */ = {
			isa = XCConfigurationList;
			buildConfigurations = (
				558DC2C32785805D00A632C1 /* Debug */,
				558DC2C42785805D00A632C1 /* Release */,
			);
			defaultConfigurationIsVisible = 0;
			defaultConfigurationName = Release;
		};
/* End XCConfigurationList section */
	};
	rootObject = 558DC2B32785805D00A632C1 /* Project object */;
}
