// !$*UTF8*$!
{
	archiveVersion = 1;
	classes = {
	};
	objectVersion = 55;
	objects = {

/* Begin PBXBuildFile section */
		5503BD4527A91EE7001C9553 /* Map.cpp in Sources */ = {isa = PBXBuildFile; fileRef = 5503BD4327A91EE6001C9553 /* Map.cpp */; };
		5503BD4727A91EFC001C9553 /* eval.cpp in Sources */ = {isa = PBXBuildFile; fileRef = 5503BD4627A91EFB001C9553 /* eval.cpp */; };
		55B3469D27A5EDDC00C780D4 /* main.cpp in Sources */ = {isa = PBXBuildFile; fileRef = 55B3469C27A5EDDC00C780D4 /* main.cpp */; };
		55B346A427A5EE3D00C780D4 /* mazestack.cpp in Sources */ = {isa = PBXBuildFile; fileRef = 55B346A327A5EE3D00C780D4 /* mazestack.cpp */; };
		55B346A627A6283D00C780D4 /* mazequeue.cpp in Sources */ = {isa = PBXBuildFile; fileRef = 55B346A527A6283D00C780D4 /* mazequeue.cpp */; };
/* End PBXBuildFile section */

/* Begin PBXCopyFilesBuildPhase section */
		55B3469727A5EDDC00C780D4 /* CopyFiles */ = {
			isa = PBXCopyFilesBuildPhase;
			buildActionMask = 2147483647;
			dstPath = /usr/share/man/man1/;
			dstSubfolderSpec = 0;
			files = (
			);
			runOnlyForDeploymentPostprocessing = 1;
		};
/* End PBXCopyFilesBuildPhase section */

/* Begin PBXFileReference section */
		5503BD4327A91EE6001C9553 /* Map.cpp */ = {isa = PBXFileReference; lastKnownFileType = sourcecode.cpp.cpp; path = Map.cpp; sourceTree = "<group>"; };
		5503BD4427A91EE7001C9553 /* Map.h */ = {isa = PBXFileReference; lastKnownFileType = sourcecode.c.h; path = Map.h; sourceTree = "<group>"; };
		5503BD4627A91EFB001C9553 /* eval.cpp */ = {isa = PBXFileReference; lastKnownFileType = sourcecode.cpp.cpp; path = eval.cpp; sourceTree = "<group>"; };
		55B3469927A5EDDC00C780D4 /* CS32_HW2 */ = {isa = PBXFileReference; explicitFileType = "compiled.mach-o.executable"; includeInIndex = 0; path = CS32_HW2; sourceTree = BUILT_PRODUCTS_DIR; };
		55B3469C27A5EDDC00C780D4 /* main.cpp */ = {isa = PBXFileReference; lastKnownFileType = sourcecode.cpp.cpp; path = main.cpp; sourceTree = "<group>"; };
		55B346A327A5EE3D00C780D4 /* mazestack.cpp */ = {isa = PBXFileReference; lastKnownFileType = sourcecode.cpp.cpp; path = mazestack.cpp; sourceTree = "<group>"; };
		55B346A527A6283D00C780D4 /* mazequeue.cpp */ = {isa = PBXFileReference; lastKnownFileType = sourcecode.cpp.cpp; path = mazequeue.cpp; sourceTree = "<group>"; };
/* End PBXFileReference section */

/* Begin PBXFrameworksBuildPhase section */
		55B3469627A5EDDC00C780D4 /* Frameworks */ = {
			isa = PBXFrameworksBuildPhase;
			buildActionMask = 2147483647;
			files = (
			);
			runOnlyForDeploymentPostprocessing = 0;
		};
/* End PBXFrameworksBuildPhase section */

/* Begin PBXGroup section */
		55B3469027A5EDDC00C780D4 = {
			isa = PBXGroup;
			children = (
				55B3469B27A5EDDC00C780D4 /* CS32_HW2 */,
				55B3469A27A5EDDC00C780D4 /* Products */,
			);
			sourceTree = "<group>";
		};
		55B3469A27A5EDDC00C780D4 /* Products */ = {
			isa = PBXGroup;
			children = (
				55B3469927A5EDDC00C780D4 /* CS32_HW2 */,
			);
			name = Products;
			sourceTree = "<group>";
		};
		55B3469B27A5EDDC00C780D4 /* CS32_HW2 */ = {
			isa = PBXGroup;
			children = (
				55B3469C27A5EDDC00C780D4 /* main.cpp */,
				55B346A327A5EE3D00C780D4 /* mazestack.cpp */,
				55B346A527A6283D00C780D4 /* mazequeue.cpp */,
				5503BD4627A91EFB001C9553 /* eval.cpp */,
				5503BD4327A91EE6001C9553 /* Map.cpp */,
				5503BD4427A91EE7001C9553 /* Map.h */,
			);
			path = CS32_HW2;
			sourceTree = "<group>";
		};
/* End PBXGroup section */

/* Begin PBXNativeTarget section */
		55B3469827A5EDDC00C780D4 /* CS32_HW2 */ = {
			isa = PBXNativeTarget;
			buildConfigurationList = 55B346A027A5EDDC00C780D4 /* Build configuration list for PBXNativeTarget "CS32_HW2" */;
			buildPhases = (
				55B3469527A5EDDC00C780D4 /* Sources */,
				55B3469627A5EDDC00C780D4 /* Frameworks */,
				55B3469727A5EDDC00C780D4 /* CopyFiles */,
			);
			buildRules = (
			);
			dependencies = (
			);
			name = CS32_HW2;
			productName = CS32_HW2;
			productReference = 55B3469927A5EDDC00C780D4 /* CS32_HW2 */;
			productType = "com.apple.product-type.tool";
		};
/* End PBXNativeTarget section */

/* Begin PBXProject section */
		55B3469127A5EDDC00C780D4 /* Project object */ = {
			isa = PBXProject;
			attributes = {
				BuildIndependentTargetsInParallel = 1;
				LastUpgradeCheck = 1320;
				TargetAttributes = {
					55B3469827A5EDDC00C780D4 = {
						CreatedOnToolsVersion = 13.2.1;
					};
				};
			};
			buildConfigurationList = 55B3469427A5EDDC00C780D4 /* Build configuration list for PBXProject "CS32_HW2" */;
			compatibilityVersion = "Xcode 13.0";
			developmentRegion = en;
			hasScannedForEncodings = 0;
			knownRegions = (
				en,
				Base,
			);
			mainGroup = 55B3469027A5EDDC00C780D4;
			productRefGroup = 55B3469A27A5EDDC00C780D4 /* Products */;
			projectDirPath = "";
			projectRoot = "";
			targets = (
				55B3469827A5EDDC00C780D4 /* CS32_HW2 */,
			);
		};
/* End PBXProject section */

/* Begin PBXSourcesBuildPhase section */
		55B3469527A5EDDC00C780D4 /* Sources */ = {
			isa = PBXSourcesBuildPhase;
			buildActionMask = 2147483647;
			files = (
				55B346A627A6283D00C780D4 /* mazequeue.cpp in Sources */,
				55B3469D27A5EDDC00C780D4 /* main.cpp in Sources */,
				5503BD4527A91EE7001C9553 /* Map.cpp in Sources */,
				5503BD4727A91EFC001C9553 /* eval.cpp in Sources */,
				55B346A427A5EE3D00C780D4 /* mazestack.cpp in Sources */,
			);
			runOnlyForDeploymentPostprocessing = 0;
		};
/* End PBXSourcesBuildPhase section */

/* Begin XCBuildConfiguration section */
		55B3469E27A5EDDC00C780D4 /* Debug */ = {
			isa = XCBuildConfiguration;
			buildSettings = {
				ALWAYS_SEARCH_USER_PATHS = NO;
				CLANG_ANALYZER_NONNULL = YES;
				CLANG_ANALYZER_NUMBER_OBJECT_CONVERSION = YES_AGGRESSIVE;
				CLANG_CXX_LANGUAGE_STANDARD = "gnu++17";
				CLANG_CXX_LIBRARY = "libc++";
				CLANG_ENABLE_MODULES = YES;
				CLANG_ENABLE_OBJC_ARC = YES;
				CLANG_ENABLE_OBJC_WEAK = YES;
				CLANG_WARN_BLOCK_CAPTURE_AUTORELEASING = YES;
				CLANG_WARN_BOOL_CONVERSION = YES;
				CLANG_WARN_COMMA = YES;
				CLANG_WARN_CONSTANT_CONVERSION = YES;
				CLANG_WARN_DEPRECATED_OBJC_IMPLEMENTATIONS = YES;
				CLANG_WARN_DIRECT_OBJC_ISA_USAGE = YES_ERROR;
				CLANG_WARN_DOCUMENTATION_COMMENTS = YES;
				CLANG_WARN_EMPTY_BODY = YES;
				CLANG_WARN_ENUM_CONVERSION = YES;
				CLANG_WARN_INFINITE_RECURSION = YES;
				CLANG_WARN_INT_CONVERSION = YES;
				CLANG_WARN_NON_LITERAL_NULL_CONVERSION = YES;
				CLANG_WARN_OBJC_IMPLICIT_RETAIN_SELF = YES;
				CLANG_WARN_OBJC_LITERAL_CONVERSION = YES;
				CLANG_WARN_OBJC_ROOT_CLASS = YES_ERROR;
				CLANG_WARN_QUOTED_INCLUDE_IN_FRAMEWORK_HEADER = YES;
				CLANG_WARN_RANGE_LOOP_ANALYSIS = YES;
				CLANG_WARN_STRICT_PROTOTYPES = YES;
				CLANG_WARN_SUSPICIOUS_MOVE = YES;
				CLANG_WARN_UNGUARDED_AVAILABILITY = YES_AGGRESSIVE;
				CLANG_WARN_UNREACHABLE_CODE = YES;
				CLANG_WARN__DUPLICATE_METHOD_MATCH = YES;
				COPY_PHASE_STRIP = NO;
				DEBUG_INFORMATION_FORMAT = dwarf;
				ENABLE_STRICT_OBJC_MSGSEND = YES;
				ENABLE_TESTABILITY = YES;
				GCC_C_LANGUAGE_STANDARD = gnu11;
				GCC_DYNAMIC_NO_PIC = NO;
				GCC_NO_COMMON_BLOCKS = YES;
				GCC_OPTIMIZATION_LEVEL = 0;
				GCC_PREPROCESSOR_DEFINITIONS = (
					"DEBUG=1",
					"$(inherited)",
				);
				GCC_WARN_64_TO_32_BIT_CONVERSION = YES;
				GCC_WARN_ABOUT_RETURN_TYPE = YES_ERROR;
				GCC_WARN_UNDECLARED_SELECTOR = YES;
				GCC_WARN_UNINITIALIZED_AUTOS = YES_AGGRESSIVE;
				GCC_WARN_UNUSED_FUNCTION = YES;
				GCC_WARN_UNUSED_VARIABLE = YES;
				MACOSX_DEPLOYMENT_TARGET = 12.1;
				MTL_ENABLE_DEBUG_INFO = INCLUDE_SOURCE;
				MTL_FAST_MATH = YES;
				ONLY_ACTIVE_ARCH = YES;
				SDKROOT = macosx;
			};
			name = Debug;
		};
		55B3469F27A5EDDC00C780D4 /* Release */ = {
			isa = XCBuildConfiguration;
			buildSettings = {
				ALWAYS_SEARCH_USER_PATHS = NO;
				CLANG_ANALYZER_NONNULL = YES;
				CLANG_ANALYZER_NUMBER_OBJECT_CONVERSION = YES_AGGRESSIVE;
				CLANG_CXX_LANGUAGE_STANDARD = "gnu++17";
				CLANG_CXX_LIBRARY = "libc++";
				CLANG_ENABLE_MODULES = YES;
				CLANG_ENABLE_OBJC_ARC = YES;
				CLANG_ENABLE_OBJC_WEAK = YES;
				CLANG_WARN_BLOCK_CAPTURE_AUTORELEASING = YES;
				CLANG_WARN_BOOL_CONVERSION = YES;
				CLANG_WARN_COMMA = YES;
				CLANG_WARN_CONSTANT_CONVERSION = YES;
				CLANG_WARN_DEPRECATED_OBJC_IMPLEMENTATIONS = YES;
				CLANG_WARN_DIRECT_OBJC_ISA_USAGE = YES_ERROR;
				CLANG_WARN_DOCUMENTATION_COMMENTS = YES;
				CLANG_WARN_EMPTY_BODY = YES;
				CLANG_WARN_ENUM_CONVERSION = YES;
				CLANG_WARN_INFINITE_RECURSION = YES;
				CLANG_WARN_INT_CONVERSION = YES;
				CLANG_WARN_NON_LITERAL_NULL_CONVERSION = YES;
				CLANG_WARN_OBJC_IMPLICIT_RETAIN_SELF = YES;
				CLANG_WARN_OBJC_LITERAL_CONVERSION = YES;
				CLANG_WARN_OBJC_ROOT_CLASS = YES_ERROR;
				CLANG_WARN_QUOTED_INCLUDE_IN_FRAMEWORK_HEADER = YES;
				CLANG_WARN_RANGE_LOOP_ANALYSIS = YES;
				CLANG_WARN_STRICT_PROTOTYPES = YES;
				CLANG_WARN_SUSPICIOUS_MOVE = YES;
				CLANG_WARN_UNGUARDED_AVAILABILITY = YES_AGGRESSIVE;
				CLANG_WARN_UNREACHABLE_CODE = YES;
				CLANG_WARN__DUPLICATE_METHOD_MATCH = YES;
				COPY_PHASE_STRIP = NO;
				DEBUG_INFORMATION_FORMAT = "dwarf-with-dsym";
				ENABLE_NS_ASSERTIONS = NO;
				ENABLE_STRICT_OBJC_MSGSEND = YES;
				GCC_C_LANGUAGE_STANDARD = gnu11;
				GCC_NO_COMMON_BLOCKS = YES;
				GCC_WARN_64_TO_32_BIT_CONVERSION = YES;
				GCC_WARN_ABOUT_RETURN_TYPE = YES_ERROR;
				GCC_WARN_UNDECLARED_SELECTOR = YES;
				GCC_WARN_UNINITIALIZED_AUTOS = YES_AGGRESSIVE;
				GCC_WARN_UNUSED_FUNCTION = YES;
				GCC_WARN_UNUSED_VARIABLE = YES;
				MACOSX_DEPLOYMENT_TARGET = 12.1;
				MTL_ENABLE_DEBUG_INFO = NO;
				MTL_FAST_MATH = YES;
				SDKROOT = macosx;
			};
			name = Release;
		};
		55B346A127A5EDDC00C780D4 /* Debug */ = {
			isa = XCBuildConfiguration;
			buildSettings = {
				CODE_SIGN_STYLE = Automatic;
				PRODUCT_NAME = "$(TARGET_NAME)";
			};
			name = Debug;
		};
		55B346A227A5EDDC00C780D4 /* Release */ = {
			isa = XCBuildConfiguration;
			buildSettings = {
				CODE_SIGN_STYLE = Automatic;
				PRODUCT_NAME = "$(TARGET_NAME)";
			};
			name = Release;
		};
/* End XCBuildConfiguration section */

/* Begin XCConfigurationList section */
		55B3469427A5EDDC00C780D4 /* Build configuration list for PBXProject "CS32_HW2" */ = {
			isa = XCConfigurationList;
			buildConfigurations = (
				55B3469E27A5EDDC00C780D4 /* Debug */,
				55B3469F27A5EDDC00C780D4 /* Release */,
			);
			defaultConfigurationIsVisible = 0;
			defaultConfigurationName = Release;
		};
		55B346A027A5EDDC00C780D4 /* Build configuration list for PBXNativeTarget "CS32_HW2" */ = {
			isa = XCConfigurationList;
			buildConfigurations = (
				55B346A127A5EDDC00C780D4 /* Debug */,
				55B346A227A5EDDC00C780D4 /* Release */,
			);
			defaultConfigurationIsVisible = 0;
			defaultConfigurationName = Release;
		};
/* End XCConfigurationList section */
	};
	rootObject = 55B3469127A5EDDC00C780D4 /* Project object */;
}
